
Microsoft Visual Studio Solution File, Format Version 12.00
# Visual Studio Version 17
VisualStudioVersion = 17.0.31903.59
MinimumVisualStudioVersion = 10.0.40219.1
Project("{FAE04EC0-301F-11D3-BF4B-00C04F79EFBC}") = "ServiceLigueHockeySqlServer", "ServiceLigueHockeySqlServer\ServiceLigueHockeySqlServer.csproj", "{02DDE9EE-4122-4231-B188-98B8C8DF64EA}"
EndProject
Global
	GlobalSection(SolutionConfigurationPlatforms) = preSolution
		Debug|Any CPU = Debug|Any CPU
		Release|Any CPU = Release|Any CPU
	EndGlobalSection
	GlobalSection(SolutionProperties) = preSolution
		HideSolutionNode = FALSE
	EndGlobalSection
	GlobalSection(ProjectConfigurationPlatforms) = postSolution
		{02DDE9EE-4122-4231-B188-98B8C8DF64EA}.Debug|Any CPU.ActiveCfg = Debug|Any CPU
		{02DDE9EE-4122-4231-B188-98B8C8DF64EA}.Debug|Any CPU.Build.0 = Debug|Any CPU
		{02DDE9EE-4122-4231-B188-98B8C8DF64EA}.Release|Any CPU.ActiveCfg = Release|Any CPU
		{02DDE9EE-4122-4231-B188-98B8C8DF64EA}.Release|Any CPU.Build.0 = Release|Any CPU
	EndGlobalSection
EndGlobal
